# SPDX-License-Identifier: GPL-2.0-or-later
# The A220 PM4/PFP microcode is distributed by the upstream linux-firmware
# project under its WHENCE-recorded redistributable terms.  Do not commit the
# binary payloads to this project: materialize only these two files at build
# time from the pinned release tag.
LINUX_FIRMWARE_RAW=https://gitlab.com/kernel-firmware/linux-firmware/-/raw
LINUX_FIRMWARE_REF=20260622
A220_FIRMWARE_FILES="qcom/leia_pm4_470.fw qcom/leia_pfp_470.fw"
A220_PM4_SHA256=d99151ad14fce57f9af4f5d80683a837179b9ea2195a7ddae390cd3cb56fb276
A220_PFP_SHA256=cb7274d7966b02540895f4399e8567faecbb9503d6d95332046412fcd8b0710e
