# SPDX-License-Identifier: GPL-2.0-or-later
# Source lock for the reproducible Hikari kernel worktree.
# Keep this file shell-compatible; scripts source it directly.

LINUX_REMOTE=https://git.kernel.org/pub/scm/linux/kernel/git/torvalds/linux.git
LINUX_BASE=786262be6048deab760f68c8acc2c85607165894
PATCH_SERIES=kernel/patches/series

# The base above is the Linus revision recorded by the project for the
# current 7.3-rc1 Hikari bring-up line. Project and third-party commits above
# this revision are represented by consolidated subsystem mail patches in
# kernel/patches/. Canonical Hikari DTS is included in the board patch and
# checked against kernel/dts/ without build-time edits. This avoids depending on the historical
# /home/paul/xperia/src/linux worktree for future builds.

POST_PATCH_SERIES=
# Former integration/strict transforms are incorporated in PATCH_SERIES.
# Signed source integration commit exported by post-series:
HIKARI_INTEGRATION_COMMIT=f7a6e62ff206edff9cee8c04226e85f1102a9a85

# Exact final source tree after subsystem patches and canonical DTS preparation.
HIKARI_PREPARED_TREE=4550eaae2387b88555e65e85efcada96e2b0925a
